
Microsoft Visual Studio Solution File, Format Version 12.00
# Visual Studio Version 17
VisualStudioVersion = 17.2.32519.379
MinimumVisualStudioVersion = 10.0.40219.1
Project("{FAE04EC0-301F-11D3-BF4B-00C04F79EFBC}") = "winformapp", "winformapp\winformapp.csproj", "{CF2ECB20-1A71-4C72-BFEB-59B4A33C6CE9}"
EndProject
Project("{FAE04EC0-301F-11D3-BF4B-00C04F79EFBC}") = "dominio", "dominio\dominio.csproj", "{38BB97EC-CE94-4806-A0EA-FF1A3F563128}"
EndProject
Project("{FAE04EC0-301F-11D3-BF4B-00C04F79EFBC}") = "negocio", "negocio\negocio.csproj", "{F9654DC1-DBCC-44A6-984F-A64DE97395F2}"
EndProject
Global
	GlobalSection(SolutionConfigurationPlatforms) = preSolution
		Debug|Any CPU = Debug|Any CPU
		Release|Any CPU = Release|Any CPU
	EndGlobalSection
	GlobalSection(ProjectConfigurationPlatforms) = postSolution
		{CF2ECB20-1A71-4C72-BFEB-59B4A33C6CE9}.Debug|Any CPU.ActiveCfg = Debug|Any CPU
		{CF2ECB20-1A71-4C72-BFEB-59B4A33C6CE9}.Debug|Any CPU.Build.0 = Debug|Any CPU
		{CF2ECB20-1A71-4C72-BFEB-59B4A33C6CE9}.Release|Any CPU.ActiveCfg = Release|Any CPU
		{CF2ECB20-1A71-4C72-BFEB-59B4A33C6CE9}.Release|Any CPU.Build.0 = Release|Any CPU
		{38BB97EC-CE94-4806-A0EA-FF1A3F563128}.Debug|Any CPU.ActiveCfg = Debug|Any CPU
		{38BB97EC-CE94-4806-A0EA-FF1A3F563128}.Debug|Any CPU.Build.0 = Debug|Any CPU
		{38BB97EC-CE94-4806-A0EA-FF1A3F563128}.Release|Any CPU.ActiveCfg = Release|Any CPU
		{38BB97EC-CE94-4806-A0EA-FF1A3F563128}.Release|Any CPU.Build.0 = Release|Any CPU
		{F9654DC1-DBCC-44A6-984F-A64DE97395F2}.Debug|Any CPU.ActiveCfg = Debug|Any CPU
		{F9654DC1-DBCC-44A6-984F-A64DE97395F2}.Debug|Any CPU.Build.0 = Debug|Any CPU
		{F9654DC1-DBCC-44A6-984F-A64DE97395F2}.Release|Any CPU.ActiveCfg = Release|Any CPU
		{F9654DC1-DBCC-44A6-984F-A64DE97395F2}.Release|Any CPU.Build.0 = Release|Any CPU
	EndGlobalSection
	GlobalSection(SolutionProperties) = preSolution
		HideSolutionNode = FALSE
	EndGlobalSection
	GlobalSection(ExtensibilityGlobals) = postSolution
		SolutionGuid = {056A910B-14BF-4CDC-9EED-8BBE3890E831}
	EndGlobalSection
EndGlobal
